// !$*UTF8*$!
{
	archiveVersion = 1;
	classes = {
	};
	objectVersion = 50;
	objects = {

/* Begin PBXBuildFile section */
		C11F278424AC168400CC2B70 /* Main.storyboard in Resources */ = {isa = PBXBuildFile; fileRef = C11F278324AC168400CC2B70 /* Main.storyboard */; };
		C11F278624AC16A300CC2B70 /* TapViewController.swift in Sources */ = {isa = PBXBuildFile; fileRef = C11F278524AC16A300CC2B70 /* TapViewController.swift */; };
		C176B38824AD8D0F000E5753 /* minerTableViewCell.swift in Sources */ = {isa = PBXBuildFile; fileRef = C176B38724AD8D0F000E5753 /* minerTableViewCell.swift */; };
		C176B38A24AD9017000E5753 /* minerModel.swift in Sources */ = {isa = PBXBuildFile; fileRef = C176B38924AD9017000E5753 /* minerModel.swift */; };
		C176B38C24AE6D6A000E5753 /* hireMinerTableViewCell.swift in Sources */ = {isa = PBXBuildFile; fileRef = C176B38B24AE6D6A000E5753 /* hireMinerTableViewCell.swift */; };
		C1A45A0124AC15CB00A14982 /* AppDelegate.swift in Sources */ = {isa = PBXBuildFile; fileRef = C1A45A0024AC15CB00A14982 /* AppDelegate.swift */; };
		C1A45A0A24AC15CD00A14982 /* Assets.xcassets in Resources */ = {isa = PBXBuildFile; fileRef = C1A45A0924AC15CD00A14982 /* Assets.xcassets */; };
		C1A45A0D24AC15CD00A14982 /* LaunchScreen.storyboard in Resources */ = {isa = PBXBuildFile; fileRef = C1A45A0B24AC15CD00A14982 /* LaunchScreen.storyboard */; };
		C1A45A1824AC15CD00A14982 /* TapGameTests.swift in Sources */ = {isa = PBXBuildFile; fileRef = C1A45A1724AC15CD00A14982 /* TapGameTests.swift */; };
/* End PBXBuildFile section */

/* Begin PBXContainerItemProxy section */
		C1A45A1424AC15CD00A14982 /* PBXContainerItemProxy */ = {
			isa = PBXContainerItemProxy;
			containerPortal = C1A459F524AC15CB00A14982 /* Project object */;
			proxyType = 1;
			remoteGlobalIDString = C1A459FC24AC15CB00A14982;
			remoteInfo = TapGame;
		};
/* End PBXContainerItemProxy section */

/* Begin PBXFileReference section */
		C11F278324AC168400CC2B70 /* Main.storyboard */ = {isa = PBXFileReference; lastKnownFileType = file.storyboard; path = Main.storyboard; sourceTree = "<group>"; };
		C11F278524AC16A300CC2B70 /* TapViewController.swift */ = {isa = PBXFileReference; lastKnownFileType = sourcecode.swift; path = TapViewController.swift; sourceTree = "<group>"; };
		C176B38724AD8D0F000E5753 /* minerTableViewCell.swift */ = {isa = PBXFileReference; lastKnownFileType = sourcecode.swift; path = minerTableViewCell.swift; sourceTree = "<group>"; };
		C176B38924AD9017000E5753 /* minerModel.swift */ = {isa = PBXFileReference; lastKnownFileType = sourcecode.swift; path = minerModel.swift; sourceTree = "<group>"; };
		C176B38B24AE6D6A000E5753 /* hireMinerTableViewCell.swift */ = {isa = PBXFileReference; lastKnownFileType = sourcecode.swift; path = hireMinerTableViewCell.swift; sourceTree = "<group>"; };
		C1A459FD24AC15CB00A14982 /* TapGame.app */ = {isa = PBXFileReference; explicitFileType = wrapper.application; includeInIndex = 0; path = TapGame.app; sourceTree = BUILT_PRODUCTS_DIR; };
		C1A45A0024AC15CB00A14982 /* AppDelegate.swift */ = {isa = PBXFileReference; lastKnownFileType = sourcecode.swift; path = AppDelegate.swift; sourceTree = "<group>"; };
		C1A45A0924AC15CD00A14982 /* Assets.xcassets */ = {isa = PBXFileReference; lastKnownFileType = folder.assetcatalog; path = Assets.xcassets; sourceTree = "<group>"; };
		C1A45A0C24AC15CD00A14982 /* Base */ = {isa = PBXFileReference; lastKnownFileType = file.storyboard; name = Base; path = Base.lproj/LaunchScreen.storyboard; sourceTree = "<group>"; };
		C1A45A0E24AC15CD00A14982 /* Info.plist */ = {isa = PBXFileReference; lastKnownFileType = text.plist.xml; path = Info.plist; sourceTree = "<group>"; };
		C1A45A1324AC15CD00A14982 /* TapGameTests.xctest */ = {isa = PBXFileReference; explicitFileType = wrapper.cfbundle; includeInIndex = 0; path = TapGameTests.xctest; sourceTree = BUILT_PRODUCTS_DIR; };
		C1A45A1724AC15CD00A14982 /* TapGameTests.swift */ = {isa = PBXFileReference; lastKnownFileType = sourcecode.swift; path = TapGameTests.swift; sourceTree = "<group>"; };
		C1A45A1924AC15CD00A14982 /* Info.plist */ = {isa = PBXFileReference; lastKnownFileType = text.plist.xml; path = Info.plist; sourceTree = "<group>"; };
/* End PBXFileReference section */

/* Begin PBXFrameworksBuildPhase section */
		C1A459FA24AC15CB00A14982 /* Frameworks */ = {
			isa = PBXFrameworksBuildPhase;
			buildActionMask = 2147483647;
			files = (
			);
			runOnlyForDeploymentPostprocessing = 0;
		};
		C1A45A1024AC15CD00A14982 /* Frameworks */ = {
			isa = PBXFrameworksBuildPhase;
			buildActionMask = 2147483647;
			files = (
			);
			runOnlyForDeploymentPostprocessing = 0;
		};
/* End PBXFrameworksBuildPhase section */

/* Begin PBXGroup section */
		C176B38D24AE6D74000E5753 /* Model */ = {
			isa = PBXGroup;
			children = (
				C176B38924AD9017000E5753 /* minerModel.swift */,
				C176B38724AD8D0F000E5753 /* minerTableViewCell.swift */,
				C176B38B24AE6D6A000E5753 /* hireMinerTableViewCell.swift */,
			);
			path = Model;
			sourceTree = "<group>";
		};
		C1A459F424AC15CB00A14982 = {
			isa = PBXGroup;
			children = (
				C1A459FF24AC15CB00A14982 /* TapGame */,
				C1A45A1624AC15CD00A14982 /* TapGameTests */,
				C1A459FE24AC15CB00A14982 /* Products */,
			);
			sourceTree = "<group>";
		};
		C1A459FE24AC15CB00A14982 /* Products */ = {
			isa = PBXGroup;
			children = (
				C1A459FD24AC15CB00A14982 /* TapGame.app */,
				C1A45A1324AC15CD00A14982 /* TapGameTests.xctest */,
			);
			name = Products;
			sourceTree = "<group>";
		};
		C1A459FF24AC15CB00A14982 /* TapGame */ = {
			isa = PBXGroup;
			children = (
				C1A45A0024AC15CB00A14982 /* AppDelegate.swift */,
				C176B38D24AE6D74000E5753 /* Model */,
				C11F278524AC16A300CC2B70 /* TapViewController.swift */,
				C11F278324AC168400CC2B70 /* Main.storyboard */,
				C1A45A0B24AC15CD00A14982 /* LaunchScreen.storyboard */,
				C1A45A0E24AC15CD00A14982 /* Info.plist */,
				C1A45A0924AC15CD00A14982 /* Assets.xcassets */,
			);
			path = TapGame;
			sourceTree = "<group>";
		};
		C1A45A1624AC15CD00A14982 /* TapGameTests */ = {
			isa = PBXGroup;
			children = (
				C1A45A1724AC15CD00A14982 /* TapGameTests.swift */,
				C1A45A1924AC15CD00A14982 /* Info.plist */,
			);
			path = TapGameTests;
			sourceTree = "<group>";
		};
/* End PBXGroup section */

/* Begin PBXNativeTarget section */
		C1A459FC24AC15CB00A14982 /* TapGame */ = {
			isa = PBXNativeTarget;
			buildConfigurationList = C1A45A1C24AC15CD00A14982 /* Build configuration list for PBXNativeTarget "TapGame" */;
			buildPhases = (
				C1A459F924AC15CB00A14982 /* Sources */,
				C1A459FA24AC15CB00A14982 /* Frameworks */,
				C1A459FB24AC15CB00A14982 /* Resources */,
			);
			buildRules = (
			);
			dependencies = (
			);
			name = TapGame;
			productName = TapGame;
			productReference = C1A459FD24AC15CB00A14982 /* TapGame.app */;
			productType = "com.apple.product-type.application";
		};
		C1A45A1224AC15CD00A14982 /* TapGameTests */ = {
			isa = PBXNativeTarget;
			buildConfigurationList = C1A45A1F24AC15CD00A14982 /* Build configuration list for PBXNativeTarget "TapGameTests" */;
			buildPhases = (
				C1A45A0F24AC15CD00A14982 /* Sources */,
				C1A45A1024AC15CD00A14982 /* Frameworks */,
				C1A45A1124AC15CD00A14982 /* Resources */,
			);
			buildRules = (
			);
			dependencies = (
				C1A45A1524AC15CD00A14982 /* PBXTargetDependency */,
			);
			name = TapGameTests;
			productName = TapGameTests;
			productReference = C1A45A1324AC15CD00A14982 /* TapGameTests.xctest */;
			productType = "com.apple.product-type.bundle.unit-test";
		};
/* End PBXNativeTarget section */

/* Begin PBXProject section */
		C1A459F524AC15CB00A14982 /* Project object */ = {
			isa = PBXProject;
			attributes = {
				LastSwiftUpdateCheck = 1140;
				LastUpgradeCheck = 1140;
				ORGANIZATIONNAME = MaddGaming;
				TargetAttributes = {
					C1A459FC24AC15CB00A14982 = {
						CreatedOnToolsVersion = 11.4;
					};
					C1A45A1224AC15CD00A14982 = {
						CreatedOnToolsVersion = 11.4;
						TestTargetID = C1A459FC24AC15CB00A14982;
					};
				};
			};
			buildConfigurationList = C1A459F824AC15CB00A14982 /* Build configuration list for PBXProject "TapGame" */;
			compatibilityVersion = "Xcode 9.3";
			developmentRegion = en;
			hasScannedForEncodings = 0;
			knownRegions = (
				en,
				Base,
			);
			mainGroup = C1A459F424AC15CB00A14982;
			productRefGroup = C1A459FE24AC15CB00A14982 /* Products */;
			projectDirPath = "";
			projectRoot = "";
			targets = (
				C1A459FC24AC15CB00A14982 /* TapGame */,
				C1A45A1224AC15CD00A14982 /* TapGameTests */,
			);
		};
/* End PBXProject section */

/* Begin PBXResourcesBuildPhase section */
		C1A459FB24AC15CB00A14982 /* Resources */ = {
			isa = PBXResourcesBuildPhase;
			buildActionMask = 2147483647;
			files = (
				C11F278424AC168400CC2B70 /* Main.storyboard in Resources */,
				C1A45A0D24AC15CD00A14982 /* LaunchScreen.storyboard in Resources */,
				C1A45A0A24AC15CD00A14982 /* Assets.xcassets in Resources */,
			);
			runOnlyForDeploymentPostprocessing = 0;
		};
		C1A45A1124AC15CD00A14982 /* Resources */ = {
			isa = PBXResourcesBuildPhase;
			buildActionMask = 2147483647;
			files = (
			);
			runOnlyForDeploymentPostprocessing = 0;
		};
/* End PBXResourcesBuildPhase section */

/* Begin PBXSourcesBuildPhase section */
		C1A459F924AC15CB00A14982 /* Sources */ = {
			isa = PBXSourcesBuildPhase;
			buildActionMask = 2147483647;
			files = (
				C11F278624AC16A300CC2B70 /* TapViewController.swift in Sources */,
				C1A45A0124AC15CB00A14982 /* AppDelegate.swift in Sources */,
				C176B38824AD8D0F000E5753 /* minerTableViewCell.swift in Sources */,
				C176B38C24AE6D6A000E5753 /* hireMinerTableViewCell.swift in Sources */,
				C176B38A24AD9017000E5753 /* minerModel.swift in Sources */,
			);
			runOnlyForDeploymentPostprocessing = 0;
		};
		C1A45A0F24AC15CD00A14982 /* Sources */ = {
			isa = PBXSourcesBuildPhase;
			buildActionMask = 2147483647;
			files = (
				C1A45A1824AC15CD00A14982 /* TapGameTests.swift in Sources */,
			);
			runOnlyForDeploymentPostprocessing = 0;
		};
/* End PBXSourcesBuildPhase section */

/* Begin PBXTargetDependency section */
		C1A45A1524AC15CD00A14982 /* PBXTargetDependency */ = {
			isa = PBXTargetDependency;
			target = C1A459FC24AC15CB00A14982 /* TapGame */;
			targetProxy = C1A45A1424AC15CD00A14982 /* PBXContainerItemProxy */;
		};
/* End PBXTargetDependency section */

/* Begin PBXVariantGroup section */
		C1A45A0B24AC15CD00A14982 /* LaunchScreen.storyboard */ = {
			isa = PBXVariantGroup;
			children = (
				C1A45A0C24AC15CD00A14982 /* Base */,
			);
			name = LaunchScreen.storyboard;
			sourceTree = "<group>";
		};
/* End PBXVariantGroup section */

/* Begin XCBuildConfiguration section */
		C1A45A1A24AC15CD00A14982 /* Debug */ = {
			isa = XCBuildConfiguration;
			buildSettings = {
				ALWAYS_SEARCH_USER_PATHS = NO;
				CLANG_ANALYZER_NONNULL = YES;
				CLANG_ANALYZER_NUMBER_OBJECT_CONVERSION = YES_AGGRESSIVE;
				CLANG_CXX_LANGUAGE_STANDARD = "gnu++14";
				CLANG_CXX_LIBRARY = "libc++";
				CLANG_ENABLE_MODULES = YES;
				CLANG_ENABLE_OBJC_ARC = YES;
				CLANG_ENABLE_OBJC_WEAK = YES;
				CLANG_WARN_BLOCK_CAPTURE_AUTORELEASING = YES;
				CLANG_WARN_BOOL_CONVERSION = YES;
				CLANG_WARN_COMMA = YES;
				CLANG_WARN_CONSTANT_CONVERSION = YES;
				CLANG_WARN_DEPRECATED_OBJC_IMPLEMENTATIONS = YES;
				CLANG_WARN_DIRECT_OBJC_ISA_USAGE = YES_ERROR;
				CLANG_WARN_DOCUMENTATION_COMMENTS = YES;
				CLANG_WARN_EMPTY_BODY = YES;
				CLANG_WARN_ENUM_CONVERSION = YES;
				CLANG_WARN_INFINITE_RECURSION = YES;
				CLANG_WARN_INT_CONVERSION = YES;
				CLANG_WARN_NON_LITERAL_NULL_CONVERSION = YES;
				CLANG_WARN_OBJC_IMPLICIT_RETAIN_SELF = YES;
				CLANG_WARN_OBJC_LITERAL_CONVERSION = YES;
				CLANG_WARN_OBJC_ROOT_CLASS = YES_ERROR;
				CLANG_WARN_RANGE_LOOP_ANALYSIS = YES;
				CLANG_WARN_STRICT_PROTOTYPES = YES;
				CLANG_WARN_SUSPICIOUS_MOVE = YES;
				CLANG_WARN_UNGUARDED_AVAILABILITY = YES_AGGRESSIVE;
				CLANG_WARN_UNREACHABLE_CODE = YES;
				CLANG_WARN__DUPLICATE_METHOD_MATCH = YES;
				COPY_PHASE_STRIP = NO;
				DEBUG_INFORMATION_FORMAT = dwarf;
				ENABLE_STRICT_OBJC_MSGSEND = YES;
				ENABLE_TESTABILITY = YES;
				GCC_C_LANGUAGE_STANDARD = gnu11;
				GCC_DYNAMIC_NO_PIC = NO;
				GCC_NO_COMMON_BLOCKS = YES;
				GCC_OPTIMIZATION_LEVEL = 0;
				GCC_PREPROCESSOR_DEFINITIONS = (
					"DEBUG=1",
					"$(inherited)",
				);
				GCC_WARN_64_TO_32_BIT_CONVERSION = YES;
				GCC_WARN_ABOUT_RETURN_TYPE = YES_ERROR;
				GCC_WARN_UNDECLARED_SELECTOR = YES;
				GCC_WARN_UNINITIALIZED_AUTOS = YES_AGGRESSIVE;
				GCC_WARN_UNUSED_FUNCTION = YES;
				GCC_WARN_UNUSED_VARIABLE = YES;
				IPHONEOS_DEPLOYMENT_TARGET = 13.4;
				MTL_ENABLE_DEBUG_INFO = INCLUDE_SOURCE;
				MTL_FAST_MATH = YES;
				ONLY_ACTIVE_ARCH = YES;
				SDKROOT = iphoneos;
				SWIFT_ACTIVE_COMPILATION_CONDITIONS = DEBUG;
				SWIFT_OPTIMIZATION_LEVEL = "-Onone";
			};
			name = Debug;
		};
		C1A45A1B24AC15CD00A14982 /* Release */ = {
			isa = XCBuildConfiguration;
			buildSettings = {
				ALWAYS_SEARCH_USER_PATHS = NO;
				CLANG_ANALYZER_NONNULL = YES;
				CLANG_ANALYZER_NUMBER_OBJECT_CONVERSION = YES_AGGRESSIVE;
				CLANG_CXX_LANGUAGE_STANDARD = "gnu++14";
				CLANG_CXX_LIBRARY = "libc++";
				CLANG_ENABLE_MODULES = YES;
				CLANG_ENABLE_OBJC_ARC = YES;
				CLANG_ENABLE_OBJC_WEAK = YES;
				CLANG_WARN_BLOCK_CAPTURE_AUTORELEASING = YES;
				CLANG_WARN_BOOL_CONVERSION = YES;
				CLANG_WARN_COMMA = YES;
				CLANG_WARN_CONSTANT_CONVERSION = YES;
				CLANG_WARN_DEPRECATED_OBJC_IMPLEMENTATIONS = YES;
				CLANG_WARN_DIRECT_OBJC_ISA_USAGE = YES_ERROR;
				CLANG_WARN_DOCUMENTATION_COMMENTS = YES;
				CLANG_WARN_EMPTY_BODY = YES;
				CLANG_WARN_ENUM_CONVERSION = YES;
				CLANG_WARN_INFINITE_RECURSION = YES;
				CLANG_WARN_INT_CONVERSION = YES;
				CLANG_WARN_NON_LITERAL_NULL_CONVERSION = YES;
				CLANG_WARN_OBJC_IMPLICIT_RETAIN_SELF = YES;
				CLANG_WARN_OBJC_LITERAL_CONVERSION = YES;
				CLANG_WARN_OBJC_ROOT_CLASS = YES_ERROR;
				CLANG_WARN_RANGE_LOOP_ANALYSIS = YES;
				CLANG_WARN_STRICT_PROTOTYPES = YES;
				CLANG_WARN_SUSPICIOUS_MOVE = YES;
				CLANG_WARN_UNGUARDED_AVAILABILITY = YES_AGGRESSIVE;
				CLANG_WARN_UNREACHABLE_CODE = YES;
				CLANG_WARN__DUPLICATE_METHOD_MATCH = YES;
				COPY_PHASE_STRIP = NO;
				DEBUG_INFORMATION_FORMAT = "dwarf-with-dsym";
				ENABLE_NS_ASSERTIONS = NO;
				ENABLE_STRICT_OBJC_MSGSEND = YES;
				GCC_C_LANGUAGE_STANDARD = gnu11;
				GCC_NO_COMMON_BLOCKS = YES;
				GCC_WARN_64_TO_32_BIT_CONVERSION = YES;
				GCC_WARN_ABOUT_RETURN_TYPE = YES_ERROR;
				GCC_WARN_UNDECLARED_SELECTOR = YES;
				GCC_WARN_UNINITIALIZED_AUTOS = YES_AGGRESSIVE;
				GCC_WARN_UNUSED_FUNCTION = YES;
				GCC_WARN_UNUSED_VARIABLE = YES;
				IPHONEOS_DEPLOYMENT_TARGET = 13.4;
				MTL_ENABLE_DEBUG_INFO = NO;
				MTL_FAST_MATH = YES;
				SDKROOT = iphoneos;
				SWIFT_COMPILATION_MODE = wholemodule;
				SWIFT_OPTIMIZATION_LEVEL = "-O";
				VALIDATE_PRODUCT = YES;
			};
			name = Release;
		};
		C1A45A1D24AC15CD00A14982 /* Debug */ = {
			isa = XCBuildConfiguration;
			buildSettings = {
				ASSETCATALOG_COMPILER_APPICON_NAME = AppIcon;
				CODE_SIGN_STYLE = Automatic;
				DEVELOPMENT_TEAM = KTTGU94DH6;
				INFOPLIST_FILE = TapGame/Info.plist;
				LD_RUNPATH_SEARCH_PATHS = (
					"$(inherited)",
					"@executable_path/Frameworks",
				);
				PRODUCT_BUNDLE_IDENTIFIER = MaddGaming.TapGame;
				PRODUCT_NAME = "$(TARGET_NAME)";
				SWIFT_VERSION = 5.0;
				TARGETED_DEVICE_FAMILY = "1,2";
			};
			name = Debug;
		};
		C1A45A1E24AC15CD00A14982 /* Release */ = {
			isa = XCBuildConfiguration;
			buildSettings = {
				ASSETCATALOG_COMPILER_APPICON_NAME = AppIcon;
				CODE_SIGN_STYLE = Automatic;
				DEVELOPMENT_TEAM = KTTGU94DH6;
				INFOPLIST_FILE = TapGame/Info.plist;
				LD_RUNPATH_SEARCH_PATHS = (
					"$(inherited)",
					"@executable_path/Frameworks",
				);
				PRODUCT_BUNDLE_IDENTIFIER = MaddGaming.TapGame;
				PRODUCT_NAME = "$(TARGET_NAME)";
				SWIFT_VERSION = 5.0;
				TARGETED_DEVICE_FAMILY = "1,2";
			};
			name = Release;
		};
		C1A45A2024AC15CD00A14982 /* Debug */ = {
			isa = XCBuildConfiguration;
			buildSettings = {
				ALWAYS_EMBED_SWIFT_STANDARD_LIBRARIES = YES;
				BUNDLE_LOADER = "$(TEST_HOST)";
				CODE_SIGN_STYLE = Automatic;
				DEVELOPMENT_TEAM = KTTGU94DH6;
				INFOPLIST_FILE = TapGameTests/Info.plist;
				IPHONEOS_DEPLOYMENT_TARGET = 13.4;
				LD_RUNPATH_SEARCH_PATHS = (
					"$(inherited)",
					"@executable_path/Frameworks",
					"@loader_path/Frameworks",
				);
				PRODUCT_BUNDLE_IDENTIFIER = MaddGaming.TapGameTests;
				PRODUCT_NAME = "$(TARGET_NAME)";
				SWIFT_VERSION = 5.0;
				TARGETED_DEVICE_FAMILY = "1,2";
				TEST_HOST = "$(BUILT_PRODUCTS_DIR)/TapGame.app/TapGame";
			};
			name = Debug;
		};
		C1A45A2124AC15CD00A14982 /* Release */ = {
			isa = XCBuildConfiguration;
			buildSettings = {
				ALWAYS_EMBED_SWIFT_STANDARD_LIBRARIES = YES;
				BUNDLE_LOADER = "$(TEST_HOST)";
				CODE_SIGN_STYLE = Automatic;
				DEVELOPMENT_TEAM = KTTGU94DH6;
				INFOPLIST_FILE = TapGameTests/Info.plist;
				IPHONEOS_DEPLOYMENT_TARGET = 13.4;
				LD_RUNPATH_SEARCH_PATHS = (
					"$(inherited)",
					"@executable_path/Frameworks",
					"@loader_path/Frameworks",
				);
				PRODUCT_BUNDLE_IDENTIFIER = MaddGaming.TapGameTests;
				PRODUCT_NAME = "$(TARGET_NAME)";
				SWIFT_VERSION = 5.0;
				TARGETED_DEVICE_FAMILY = "1,2";
				TEST_HOST = "$(BUILT_PRODUCTS_DIR)/TapGame.app/TapGame";
			};
			name = Release;
		};
/* End XCBuildConfiguration section */

/* Begin XCConfigurationList section */
		C1A459F824AC15CB00A14982 /* Build configuration list for PBXProject "TapGame" */ = {
			isa = XCConfigurationList;
			buildConfigurations = (
				C1A45A1A24AC15CD00A14982 /* Debug */,
				C1A45A1B24AC15CD00A14982 /* Release */,
			);
			defaultConfigurationIsVisible = 0;
			defaultConfigurationName = Release;
		};
		C1A45A1C24AC15CD00A14982 /* Build configuration list for PBXNativeTarget "TapGame" */ = {
			isa = XCConfigurationList;
			buildConfigurations = (
				C1A45A1D24AC15CD00A14982 /* Debug */,
				C1A45A1E24AC15CD00A14982 /* Release */,
			);
			defaultConfigurationIsVisible = 0;
			defaultConfigurationName = Release;
		};
		C1A45A1F24AC15CD00A14982 /* Build configuration list for PBXNativeTarget "TapGameTests" */ = {
			isa = XCConfigurationList;
			buildConfigurations = (
				C1A45A2024AC15CD00A14982 /* Debug */,
				C1A45A2124AC15CD00A14982 /* Release */,
			);
			defaultConfigurationIsVisible = 0;
			defaultConfigurationName = Release;
		};
/* End XCConfigurationList section */
	};
	rootObject = C1A459F524AC15CB00A14982 /* Project object */;
}
